<?xml version="1.0" encoding="utf-8"?>
<Project ToolsVersion="4.0" xmlns="http://schemas.microsoft.com/developer/msbuild/2003">
  <ItemGroup>
    <Filter Include="Source Files">
      <UniqueIdentifier>{4FC737F1-C7A5-4376-A066-2A32D752A2FF}</UniqueIdentifier>
      <Extensions>cpp;cxx;c;def</Extensions>
    </Filter>
    <Filter Include="Header Files">
      <UniqueIdentifier>{93995380-89BD-4b04-88EB-625FBE52EBFB}</UniqueIdentifier>
      <Extensions>h</Extensions>
    </Filter>
    <Filter Include="Form Files">
      <UniqueIdentifier>{99349809-55BA-4b9d-BF79-8FDBB0286EB3}</UniqueIdentifier>
      <Extensions>ui</Extensions>
    </Filter>
    <Filter Include="Resource Files">
      <UniqueIdentifier>{D9D6E242-F8AF-46E4-B9FD-80ECBC20BA3E}</UniqueIdentifier>
      <Extensions>qrc;*</Extensions>
      <ParseFiles>false</ParseFiles>
    </Filter>
    <Filter Include="Generated Files">
      <UniqueIdentifier>{71ED8ED8-ACB9-4CE9-BBE1-E00B30144E11}</UniqueIdentifier>
      <Extensions>moc;h;cpp</Extensions>
      <SourceControlFiles>False</SourceControlFiles>
    </Filter>
    <Filter Include="Generated Files\Debug">
      <UniqueIdentifier>{2922d347-afbf-4120-9367-11eed9199476}</UniqueIdentifier>
      <Extensions>cpp;moc</Extensions>
      <SourceControlFiles>False</SourceControlFiles>
    </Filter>
    <Filter Include="Generated Files\Release">
      <UniqueIdentifier>{0a391550-e580-403e-ba38-0c680acd88b8}</UniqueIdentifier>
      <Extensions>cpp;moc</Extensions>
      <SourceControlFiles>False</SourceControlFiles>
    </Filter>
    <Filter Include="Header Files\opticalflow">
      <UniqueIdentifier>{89c41716-1262-452c-958e-061713a6c869}</UniqueIdentifier>
    </Filter>
    <Filter Include="Source Files\opticalflow">
      <UniqueIdentifier>{6298e2da-e0a3-4367-9e2a-117b1674f9ef}</UniqueIdentifier>
    </Filter>
    <Filter Include="Source Files\ip">
      <UniqueIdentifier>{61ee2c27-b896-44ae-9560-e2c3bc8e22b5}</UniqueIdentifier>
    </Filter>
    <Filter Include="Header Files\ip">
      <UniqueIdentifier>{af48ca6b-3d77-4b13-ad65-58dfdb90f1fb}</UniqueIdentifier>
    </Filter>
    <Filter Include="Header Files\misc">
      <UniqueIdentifier>{005bd639-8735-42d7-bebf-91abe6902ef1}</UniqueIdentifier>
    </Filter>
    <Filter Include="Source Files\misc">
      <UniqueIdentifier>{d1ad95f1-9f67-4207-880e-2df4952c7624}</UniqueIdentifier>
    </Filter>
    <Filter Include="Source Files\gui">
      <UniqueIdentifier>{b79ae7fd-61ca-4942-b50f-1962ce8aab25}</UniqueIdentifier>
    </Filter>
    <Filter Include="Header Files\gui">
      <UniqueIdentifier>{19759f23-aeb8-4865-bbc6-048b55f6b017}</UniqueIdentifier>
    </Filter>
    <Filter Include="Source Files\ip\dialogs">
      <UniqueIdentifier>{d23eb75e-7111-493a-85ac-a3aafd2a60e5}</UniqueIdentifier>
    </Filter>
    <Filter Include="Source Files\ip\steps">
      <UniqueIdentifier>{1f09a21a-31cb-4ee6-98fa-d3df865ff464}</UniqueIdentifier>
    </Filter>
  </ItemGroup>
  <ItemGroup>
    <ClCompile Include="main.cpp">
      <Filter>Source Files</Filter>
    </ClCompile>
    <ClCompile Include="BachelorThesis.cpp">
      <Filter>Source Files</Filter>
    </ClCompile>
    <ClCompile Include="GeneratedFiles\Debug\moc_BachelorThesis.cpp">
      <Filter>Generated Files\Debug</Filter>
    </ClCompile>
    <ClCompile Include="GeneratedFiles\Release\moc_BachelorThesis.cpp">
      <Filter>Generated Files\Release</Filter>
    </ClCompile>
    <ClCompile Include="GeneratedFiles\qrc_BachelorThesis.cpp">
      <Filter>Generated Files</Filter>
    </ClCompile>
    <ClCompile Include="VideoReader.cpp">
      <Filter>Source Files</Filter>
    </ClCompile>
    <ClCompile Include="GeneratedFiles\Debug\moc_lukaskanadeopticalflowdialog.cpp">
      <Filter>Generated Files\Debug</Filter>
    </ClCompile>
    <ClCompile Include="GeneratedFiles\Release\moc_lukaskanadeopticalflowdialog.cpp">
      <Filter>Generated Files\Release</Filter>
    </ClCompile>
    <ClCompile Include="src\ip\Denoiser.cpp">
      <Filter>Source Files\ip</Filter>
    </ClCompile>
    <ClCompile Include="src\ip\Blur.cpp">
      <Filter>Source Files\ip</Filter>
    </ClCompile>
    <ClCompile Include="src\misc\Console.cpp">
      <Filter>Source Files\misc</Filter>
    </ClCompile>
    <ClCompile Include="src\misc\SystemInfo.cpp">
      <Filter>Source Files\misc</Filter>
    </ClCompile>
    <ClCompile Include="src\misc\Timer.cpp">
      <Filter>Source Files\misc</Filter>
    </ClCompile>
    <ClCompile Include="src\opticalflow\flow_functions.cpp">
      <Filter>Source Files\opticalflow</Filter>
    </ClCompile>
    <ClCompile Include="src\opticalflow\LukasKanadeOpticalFlow.cpp">
      <Filter>Source Files\opticalflow</Filter>
    </ClCompile>
    <ClCompile Include="src\ip\MeanShifter.cpp">
      <Filter>Source Files\ip</Filter>
    </ClCompile>
    <ClCompile Include="src\detect\BlobDetector.cpp">
      <Filter>Source Files</Filter>
    </ClCompile>
    <ClCompile Include="GeneratedFiles\Debug\moc_hardwareinfodialog.cpp">
      <Filter>Generated Files\Debug</Filter>
    </ClCompile>
    <ClCompile Include="GeneratedFiles\Release\moc_hardwareinfodialog.cpp">
      <Filter>Generated Files\Release</Filter>
    </ClCompile>
    <ClCompile Include="ProcessingPipeline.cpp">
      <Filter>Source Files</Filter>
    </ClCompile>
    <ClCompile Include="GeneratedFiles\Debug\moc_imageprocessorwidget.cpp">
      <Filter>Generated Files\Debug</Filter>
    </ClCompile>
    <ClCompile Include="GeneratedFiles\Release\moc_imageprocessorwidget.cpp">
      <Filter>Generated Files\Release</Filter>
    </ClCompile>
    <ClCompile Include="GeneratedFiles\Debug\moc_ProcessingPipeline.cpp">
      <Filter>Generated Files\Debug</Filter>
    </ClCompile>
    <ClCompile Include="GeneratedFiles\Release\moc_ProcessingPipeline.cpp">
      <Filter>Generated Files\Release</Filter>
    </ClCompile>
    <ClCompile Include="GeneratedFiles\Debug\moc_OpticalFlowFarnebackConfigDialog.cpp">
      <Filter>Generated Files\Debug</Filter>
    </ClCompile>
    <ClCompile Include="GeneratedFiles\Release\moc_OpticalFlowFarnebackConfigDialog.cpp">
      <Filter>Generated Files\Release</Filter>
    </ClCompile>
    <ClCompile Include="GeneratedFiles\Debug\moc_OpticalFlowFarneback.cpp">
      <Filter>Generated Files\Debug</Filter>
    </ClCompile>
    <ClCompile Include="GeneratedFiles\Release\moc_OpticalFlowFarneback.cpp">
      <Filter>Generated Files\Release</Filter>
    </ClCompile>
    <ClCompile Include="imageprocessorwidget.cpp">
      <Filter>Source Files\gui</Filter>
    </ClCompile>
    <ClCompile Include="src\ip\StandardImageProcessor.cpp">
      <Filter>Source Files\ip</Filter>
    </ClCompile>
    <ClCompile Include="GeneratedFiles\Debug\moc_LukasKanadeOpticalFlow.cpp">
      <Filter>Generated Files\Debug</Filter>
    </ClCompile>
    <ClCompile Include="GeneratedFiles\Release\moc_LukasKanadeOpticalFlow.cpp">
      <Filter>Generated Files\Release</Filter>
    </ClCompile>
    <ClCompile Include="GeneratedFiles\Debug\moc_dilationstepwidget.cpp">
      <Filter>Generated Files\Debug</Filter>
    </ClCompile>
    <ClCompile Include="GeneratedFiles\Release\moc_dilationstepwidget.cpp">
      <Filter>Generated Files\Release</Filter>
    </ClCompile>
    <ClCompile Include="GeneratedFiles\Debug\moc_ProcessingStep.cpp">
      <Filter>Generated Files\Debug</Filter>
    </ClCompile>
    <ClCompile Include="GeneratedFiles\Release\moc_ProcessingStep.cpp">
      <Filter>Generated Files\Release</Filter>
    </ClCompile>
    <ClCompile Include="GeneratedFiles\Debug\moc_DilationStep.cpp">
      <Filter>Generated Files\Debug</Filter>
    </ClCompile>
    <ClCompile Include="GeneratedFiles\Release\moc_DilationStep.cpp">
      <Filter>Generated Files\Release</Filter>
    </ClCompile>
    <ClCompile Include="GeneratedFiles\Debug\moc_ErosionStepWidget.cpp">
      <Filter>Generated Files\Debug</Filter>
    </ClCompile>
    <ClCompile Include="GeneratedFiles\Release\moc_ErosionStepWidget.cpp">
      <Filter>Generated Files\Release</Filter>
    </ClCompile>
    <ClCompile Include="GeneratedFiles\Debug\moc_ErosionStep.cpp">
      <Filter>Generated Files\Debug</Filter>
    </ClCompile>
    <ClCompile Include="GeneratedFiles\Release\moc_ErosionStep.cpp">
      <Filter>Generated Files\Release</Filter>
    </ClCompile>
    <ClCompile Include="GeneratedFiles\Debug\moc_BiliteralFilterStep.cpp">
      <Filter>Generated Files\Debug</Filter>
    </ClCompile>
    <ClCompile Include="GeneratedFiles\Release\moc_BiliteralFilterStep.cpp">
      <Filter>Generated Files\Release</Filter>
    </ClCompile>
    <ClCompile Include="GeneratedFiles\Debug\moc_BiliteralFilterStepDialog.cpp">
      <Filter>Generated Files\Debug</Filter>
    </ClCompile>
    <ClCompile Include="GeneratedFiles\Release\moc_BiliteralFilterStepDialog.cpp">
      <Filter>Generated Files\Release</Filter>
    </ClCompile>
    <ClCompile Include="GeneratedFiles\Debug\moc_BlackHatStepDialog.cpp">
      <Filter>Generated Files\Debug</Filter>
    </ClCompile>
    <ClCompile Include="GeneratedFiles\Release\moc_BlackHatStepDialog.cpp">
      <Filter>Generated Files\Release</Filter>
    </ClCompile>
    <ClCompile Include="GeneratedFiles\Debug\moc_BlackHatStep.cpp">
      <Filter>Generated Files\Debug</Filter>
    </ClCompile>
    <ClCompile Include="GeneratedFiles\Release\moc_BlackHatStep.cpp">
      <Filter>Generated Files\Release</Filter>
    </ClCompile>
    <ClCompile Include="GeneratedFiles\Debug\moc_BackgroundSubtractionStepDialog.cpp">
      <Filter>Generated Files\Debug</Filter>
    </ClCompile>
    <ClCompile Include="GeneratedFiles\Release\moc_BackgroundSubtractionStepDialog.cpp">
      <Filter>Generated Files\Release</Filter>
    </ClCompile>
    <ClCompile Include="src\ip\BackgroundSubtractor.cpp">
      <Filter>Source Files\ip\steps</Filter>
    </ClCompile>
    <ClCompile Include="GeneratedFiles\Debug\moc_BackgroundSubtractionStep.cpp">
      <Filter>Generated Files\Debug</Filter>
    </ClCompile>
    <ClCompile Include="GeneratedFiles\Release\moc_BackgroundSubtractionStep.cpp">
      <Filter>Generated Files\Release</Filter>
    </ClCompile>
    <ClCompile Include="src\ip\steps\BiliteralFilterStep.cpp">
      <Filter>Source Files\ip\steps</Filter>
    </ClCompile>
    <ClCompile Include="src\ip\steps\BlackHatStep.cpp">
      <Filter>Source Files\ip\steps</Filter>
    </ClCompile>
    <ClCompile Include="src\ip\steps\CloseStep.cpp">
      <Filter>Source Files\ip</Filter>
    </ClCompile>
    <ClCompile Include="src\ip\steps\DilationStep.cpp">
      <Filter>Source Files\ip\steps</Filter>
    </ClCompile>
    <ClCompile Include="src\ip\steps\ErosionStep.cpp">
      <Filter>Source Files\ip\steps</Filter>
    </ClCompile>
    <ClCompile Include="src\ip\steps\GaussianBlurStep.cpp">
      <Filter>Source Files\ip\steps</Filter>
    </ClCompile>
    <ClCompile Include="src\ip\steps\GradientStep.cpp">
      <Filter>Source Files\ip\steps</Filter>
    </ClCompile>
    <ClCompile Include="src\ip\steps\MedianFilterStep.cpp">
      <Filter>Source Files\ip\steps</Filter>
    </ClCompile>
    <ClCompile Include="src\ip\steps\OpenStep.cpp">
      <Filter>Source Files\ip\steps</Filter>
    </ClCompile>
    <ClCompile Include="src\ip\steps\ProcessingStep.cpp">
      <Filter>Source Files\ip\steps</Filter>
    </ClCompile>
    <ClCompile Include="src\ip\steps\TopHatStep.cpp">
      <Filter>Source Files\ip\steps</Filter>
    </ClCompile>
    <ClCompile Include="src\ip\steps\BackgroundSubtractionStep.cpp">
      <Filter>Source Files\ip\steps</Filter>
    </ClCompile>
    <ClCompile Include="src\ip\dialogs\BackgroundSubtractionStepDialog.cpp">
      <Filter>Source Files\ip\dialogs</Filter>
    </ClCompile>
    <ClCompile Include="src\ip\dialogs\BiliteralFilterStepDialog.cpp">
      <Filter>Source Files\ip\dialogs</Filter>
    </ClCompile>
    <ClCompile Include="src\ip\dialogs\BlackHatStepDialog.cpp">
      <Filter>Source Files\ip\dialogs</Filter>
    </ClCompile>
    <ClCompile Include="src\ip\dialogs\dilationstepwidget.cpp">
      <Filter>Source Files\ip\dialogs</Filter>
    </ClCompile>
    <ClCompile Include="src\ip\dialogs\ErosionStepWidget.cpp">
      <Filter>Source Files\ip\dialogs</Filter>
    </ClCompile>
    <ClCompile Include="src\opticalflow\OpticalFlowSF.cpp">
      <Filter>Source Files\opticalflow</Filter>
    </ClCompile>
    <ClCompile Include="src\opticalflow\OpticalFlowLukaskanade.cpp">
      <Filter>Source Files\opticalflow</Filter>
    </ClCompile>
    <ClCompile Include="src\opticalflow\OpticalFlowFarneback.cpp">
      <Filter>Source Files\opticalflow</Filter>
    </ClCompile>
    <ClCompile Include="src\opticalflow\OpticalFlowBlockMatching.cpp">
      <Filter>Source Files\opticalflow</Filter>
    </ClCompile>
    <ClCompile Include="src\opticalflow\dialogs\OpticalFlowFarnebackConfigDialog.cpp">
      <Filter>Source Files\gui</Filter>
    </ClCompile>
    <ClCompile Include="src\opticalflow\DualTVL1OpticalFlow.cpp">
      <Filter>Source Files\opticalflow</Filter>
    </ClCompile>
    <ClCompile Include="src\detect\FeatureDetector.cpp">
      <Filter>Source Files</Filter>
    </ClCompile>
    <ClCompile Include="src\misc\hardwareinfodialog.cpp">
      <Filter>Source Files\gui</Filter>
    </ClCompile>
    <ClCompile Include="src\opticalflow\dialogs\lukaskanadeopticalflowdialog.cpp">
      <Filter>Source Files\gui</Filter>
    </ClCompile>
    <ClCompile Include="src\ip\steps\ThresholdStep.cpp">
      <Filter>Source Files</Filter>
    </ClCompile>
    <ClCompile Include="GeneratedFiles\Debug\moc_ThresholdStep.cpp">
      <Filter>Generated Files\Debug</Filter>
    </ClCompile>
    <ClCompile Include="GeneratedFiles\Release\moc_ThresholdStep.cpp">
      <Filter>Generated Files\Release</Filter>
    </ClCompile>
    <ClCompile Include="src\ip\dialogs\ThresholdStepDialog.cpp">
      <Filter>Source Files</Filter>
    </ClCompile>
    <ClCompile Include="GeneratedFiles\Debug\moc_ThresholdStepDialog.cpp">
      <Filter>Generated Files\Debug</Filter>
    </ClCompile>
    <ClCompile Include="GeneratedFiles\Release\moc_ThresholdStepDialog.cpp">
      <Filter>Generated Files\Release</Filter>
    </ClCompile>
    <ClCompile Include="src\ip\dialogs\CloseStepDialog.cpp">
      <Filter>Source Files</Filter>
    </ClCompile>
    <ClCompile Include="GeneratedFiles\Debug\moc_CloseStepDialog.cpp">
      <Filter>Generated Files\Debug</Filter>
    </ClCompile>
    <ClCompile Include="GeneratedFiles\Release\moc_CloseStepDialog.cpp">
      <Filter>Generated Files\Release</Filter>
    </ClCompile>
    <ClCompile Include="GeneratedFiles\Debug\moc_CloseStep.cpp">
      <Filter>Generated Files\Debug</Filter>
    </ClCompile>
    <ClCompile Include="GeneratedFiles\Release\moc_CloseStep.cpp">
      <Filter>Generated Files\Release</Filter>
    </ClCompile>
    <ClCompile Include="GeneratedFiles\Debug\moc_GaussianBlurStep.cpp">
      <Filter>Generated Files\Debug</Filter>
    </ClCompile>
    <ClCompile Include="GeneratedFiles\Release\moc_GaussianBlurStep.cpp">
      <Filter>Generated Files\Release</Filter>
    </ClCompile>
    <ClCompile Include="src\ip\dialogs\GaussianBlurStepDialog.cpp">
      <Filter>Source Files</Filter>
    </ClCompile>
    <ClCompile Include="GeneratedFiles\Debug\moc_GaussianBlurStepDialog.cpp">
      <Filter>Generated Files\Debug</Filter>
    </ClCompile>
    <ClCompile Include="GeneratedFiles\Release\moc_GaussianBlurStepDialog.cpp">
      <Filter>Generated Files\Release</Filter>
    </ClCompile>
    <ClCompile Include="GeneratedFiles\Debug\moc_gradientstepdialog.cpp">
      <Filter>Generated Files\Debug</Filter>
    </ClCompile>
    <ClCompile Include="GeneratedFiles\Release\moc_gradientstepdialog.cpp">
      <Filter>Generated Files\Release</Filter>
    </ClCompile>
    <ClCompile Include="src\ip\dialogs\gradientstepdialog.cpp">
      <Filter>Source Files</Filter>
    </ClCompile>
    <ClCompile Include="GeneratedFiles\Debug\moc_GradientStep.cpp">
      <Filter>Generated Files\Debug</Filter>
    </ClCompile>
    <ClCompile Include="GeneratedFiles\Release\moc_GradientStep.cpp">
      <Filter>Generated Files\Release</Filter>
    </ClCompile>
    <ClCompile Include="src\ip\dialogs\MedianFilterStepDialog.cpp">
      <Filter>Source Files</Filter>
    </ClCompile>
    <ClCompile Include="GeneratedFiles\Debug\moc_MedianFilterStepDialog.cpp">
      <Filter>Generated Files\Debug</Filter>
    </ClCompile>
    <ClCompile Include="GeneratedFiles\Release\moc_MedianFilterStepDialog.cpp">
      <Filter>Generated Files\Release</Filter>
    </ClCompile>
    <ClCompile Include="GeneratedFiles\Debug\moc_MedianFilterStep.cpp">
      <Filter>Generated Files\Debug</Filter>
    </ClCompile>
    <ClCompile Include="GeneratedFiles\Release\moc_MedianFilterStep.cpp">
      <Filter>Generated Files\Release</Filter>
    </ClCompile>
    <ClCompile Include="src\ip\dialogs\OpenStepDialog.cpp">
      <Filter>Source Files</Filter>
    </ClCompile>
    <ClCompile Include="GeneratedFiles\Debug\moc_OpenStepDialog.cpp">
      <Filter>Generated Files\Debug</Filter>
    </ClCompile>
    <ClCompile Include="GeneratedFiles\Release\moc_OpenStepDialog.cpp">
      <Filter>Generated Files\Release</Filter>
    </ClCompile>
    <ClCompile Include="GeneratedFiles\Debug\moc_OpenStep.cpp">
      <Filter>Generated Files\Debug</Filter>
    </ClCompile>
    <ClCompile Include="GeneratedFiles\Release\moc_OpenStep.cpp">
      <Filter>Generated Files\Release</Filter>
    </ClCompile>
    <ClCompile Include="src\ip\dialogs\TopHatDialog.cpp">
      <Filter>Source Files</Filter>
    </ClCompile>
    <ClCompile Include="GeneratedFiles\Debug\moc_TopHatDialog.cpp">
      <Filter>Generated Files\Debug</Filter>
    </ClCompile>
    <ClCompile Include="GeneratedFiles\Release\moc_TopHatDialog.cpp">
      <Filter>Generated Files\Release</Filter>
    </ClCompile>
    <ClCompile Include="GeneratedFiles\Debug\moc_TopHatStep.cpp">
      <Filter>Generated Files\Debug</Filter>
    </ClCompile>
    <ClCompile Include="GeneratedFiles\Release\moc_TopHatStep.cpp">
      <Filter>Generated Files\Release</Filter>
    </ClCompile>
  </ItemGroup>
  <ItemGroup>
    <CustomBuild Include="BachelorThesis.h">
      <Filter>Header Files</Filter>
    </CustomBuild>
    <CustomBuild Include="BachelorThesis.ui">
      <Filter>Form Files</Filter>
    </CustomBuild>
    <CustomBuild Include="BachelorThesis.qrc">
      <Filter>Resource Files</Filter>
    </CustomBuild>
    <CustomBuild Include="GeneratedFiles\ui_BachelorThesis.h">
      <Filter>Generated Files</Filter>
    </CustomBuild>
    <CustomBuild Include="VideoReader.h">
      <Filter>Header Files</Filter>
    </CustomBuild>
    <CustomBuild Include="src\ip\BackgroundSubtractor.h">
      <Filter>Header Files\ip</Filter>
    </CustomBuild>
    <CustomBuild Include="src\ip\Blur.h">
      <Filter>Header Files\ip</Filter>
    </CustomBuild>
    <CustomBuild Include="src\misc\Console.h">
      <Filter>Header Files\misc</Filter>
    </CustomBuild>
    <CustomBuild Include="src\misc\SystemInfo.h">
      <Filter>Header Files\misc</Filter>
    </CustomBuild>
    <CustomBuild Include="src\misc\Timer.h">
      <Filter>Header Files\misc</Filter>
    </CustomBuild>
    <CustomBuild Include="src\opticalflow\flow_functions.h">
      <Filter>Header Files\opticalflow</Filter>
    </CustomBuild>
    <CustomBuild Include="src\opticalflow\LukasKanadeOpticalFlow.h">
      <Filter>Header Files\opticalflow</Filter>
    </CustomBuild>
    <CustomBuild Include="imageprocessorwidget.ui">
      <Filter>Form Files</Filter>
    </CustomBuild>
    <CustomBuild Include="ProcessingPipeline.h">
      <Filter>Header Files</Filter>
    </CustomBuild>
    <CustomBuild Include="imageprocessorwidget.h">
      <Filter>Header Files\gui</Filter>
    </CustomBuild>
    <CustomBuild Include="src\ip\steps\BiliteralFilterStep.h">
      <Filter>Header Files\ip</Filter>
    </CustomBuild>
    <CustomBuild Include="src\ip\steps\BlackHatStep.h">
      <Filter>Header Files\ip</Filter>
    </CustomBuild>
    <CustomBuild Include="src\ip\steps\DilationStep.h">
      <Filter>Header Files\ip</Filter>
    </CustomBuild>
    <CustomBuild Include="src\ip\steps\ErosionStep.h">
      <Filter>Header Files\ip</Filter>
    </CustomBuild>
    <CustomBuild Include="src\ip\steps\ProcessingStep.h">
      <Filter>Header Files\ip</Filter>
    </CustomBuild>
    <CustomBuild Include="src\ip\steps\BackgroundSubtractionStep.h">
      <Filter>Header Files\ip</Filter>
    </CustomBuild>
    <CustomBuild Include="src\ip\dialogs\BackgroundSubtractionStepDialog.ui">
      <Filter>Form Files</Filter>
    </CustomBuild>
    <CustomBuild Include="src\ip\dialogs\BackgroundSubtractionStepDialog.h">
      <Filter>Header Files</Filter>
    </CustomBuild>
    <CustomBuild Include="src\ip\dialogs\BiliteralFilterStepDialog.h">
      <Filter>Header Files</Filter>
    </CustomBuild>
    <CustomBuild Include="src\ip\dialogs\BiliteralFilterStepDialog.ui">
      <Filter>Form Files</Filter>
    </CustomBuild>
    <CustomBuild Include="src\ip\dialogs\BlackHatStepDialog.h">
      <Filter>Header Files</Filter>
    </CustomBuild>
    <CustomBuild Include="src\ip\dialogs\BlackHatStepDialog.ui">
      <Filter>Form Files</Filter>
    </CustomBuild>
    <CustomBuild Include="src\ip\dialogs\dilationstepwidget.h">
      <Filter>Header Files</Filter>
    </CustomBuild>
    <CustomBuild Include="src\ip\dialogs\dilationstepwidget.ui">
      <Filter>Form Files</Filter>
    </CustomBuild>
    <CustomBuild Include="src\ip\dialogs\ErosionStepWidget.h">
      <Filter>Header Files</Filter>
    </CustomBuild>
    <CustomBuild Include="src\ip\dialogs\ErosionStepWidget.ui">
      <Filter>Form Files</Filter>
    </CustomBuild>
    <CustomBuild Include="src\opticalflow\OpticalFlowFarneback.h">
      <Filter>Header Files\opticalflow</Filter>
    </CustomBuild>
    <CustomBuild Include="src\opticalflow\dialogs\OpticalFlowFarnebackConfigDialog.h">
      <Filter>Header Files\gui</Filter>
    </CustomBuild>
    <CustomBuild Include="src\opticalflow\dialogs\OpticalFlowFarnebackConfigDialog.ui">
      <Filter>Form Files</Filter>
    </CustomBuild>
    <CustomBuild Include="src\misc\hardwareinfodialog.h">
      <Filter>Header Files\gui</Filter>
    </CustomBuild>
    <CustomBuild Include="src\misc\hardwareinfodialog.ui">
      <Filter>Form Files</Filter>
    </CustomBuild>
    <CustomBuild Include="src\opticalflow\dialogs\lukaskanadeopticalflowdialog.ui">
      <Filter>Form Files</Filter>
    </CustomBuild>
    <CustomBuild Include="src\opticalflow\dialogs\lukaskanadeopticalflowdialog.h">
      <Filter>Header Files\gui</Filter>
    </CustomBuild>
    <CustomBuild Include="src\ip\steps\ThresholdStep.h">
      <Filter>Header Files</Filter>
    </CustomBuild>
    <CustomBuild Include="src\ip\dialogs\ThresholdStepDialog.h">
      <Filter>Header Files</Filter>
    </CustomBuild>
    <CustomBuild Include="src\ip\dialogs\ThresholdStepDialog.ui">
      <Filter>Form Files</Filter>
    </CustomBuild>
    <CustomBuild Include="src\ip\dialogs\CloseStepDialog.h">
      <Filter>Header Files</Filter>
    </CustomBuild>
    <CustomBuild Include="src\ip\dialogs\CloseStepDialog.ui">
      <Filter>Form Files</Filter>
    </CustomBuild>
    <CustomBuild Include="src\ip\steps\CloseStep.h">
      <Filter>Header Files\ip</Filter>
    </CustomBuild>
    <CustomBuild Include="src\ip\steps\GaussianBlurStep.h">
      <Filter>Header Files\ip</Filter>
    </CustomBuild>
    <CustomBuild Include="src\ip\dialogs\GaussianBlurStepDialog.h">
      <Filter>Header Files</Filter>
    </CustomBuild>
    <CustomBuild Include="src\ip\dialogs\GaussianBlurStepDialog.ui">
      <Filter>Form Files</Filter>
    </CustomBuild>
    <CustomBuild Include="src\ip\dialogs\gradientstepdialog.h">
      <Filter>Header Files</Filter>
    </CustomBuild>
    <CustomBuild Include="src\ip\dialogs\gradientstepdialog.ui">
      <Filter>Form Files</Filter>
    </CustomBuild>
    <CustomBuild Include="src\ip\steps\GradientStep.h">
      <Filter>Header Files\ip</Filter>
    </CustomBuild>
    <CustomBuild Include="src\ip\dialogs\MedianFilterStepDialog.h">
      <Filter>Header Files</Filter>
    </CustomBuild>
    <CustomBuild Include="src\ip\dialogs\MedianFilterStepDialog.ui">
      <Filter>Form Files</Filter>
    </CustomBuild>
    <CustomBuild Include="src\ip\steps\MedianFilterStep.h">
      <Filter>Header Files\ip</Filter>
    </CustomBuild>
    <CustomBuild Include="src\ip\dialogs\OpenStepDialog.h">
      <Filter>Header Files</Filter>
    </CustomBuild>
    <CustomBuild Include="src\ip\dialogs\OpenStepDialog.ui">
      <Filter>Form Files</Filter>
    </CustomBuild>
    <CustomBuild Include="src\ip\steps\OpenStep.h">
      <Filter>Header Files\ip</Filter>
    </CustomBuild>
    <CustomBuild Include="src\ip\dialogs\TopHatDialog.h">
      <Filter>Header Files</Filter>
    </CustomBuild>
    <CustomBuild Include="src\ip\dialogs\TopHatDialog.ui">
      <Filter>Form Files</Filter>
    </CustomBuild>
    <CustomBuild Include="src\ip\steps\TopHatStep.h">
      <Filter>Header Files\ip</Filter>
    </CustomBuild>
  </ItemGroup>
  <ItemGroup>
    <ResourceCompile Include="BachelorThesis.rc" />
  </ItemGroup>
  <ItemGroup>
    <ClInclude Include="GeneratedFiles\ui_lukaskanadeopticalflowdialog.h">
      <Filter>Generated Files</Filter>
    </ClInclude>
    <ClInclude Include="src\ip\MeanShifter.h">
      <Filter>Header Files\ip</Filter>
    </ClInclude>
    <ClInclude Include="src\ip\Denoiser.h">
      <Filter>Header Files</Filter>
    </ClInclude>
    <ClInclude Include="src\detect\BlobDetector.h">
      <Filter>Header Files</Filter>
    </ClInclude>
    <ClInclude Include="GeneratedFiles\ui_hardwareinfodialog.h">
      <Filter>Generated Files</Filter>
    </ClInclude>
    <ClInclude Include="GeneratedFiles\ui_imageprocessorwidget.h">
      <Filter>Generated Files</Filter>
    </ClInclude>
    <ClInclude Include="GeneratedFiles\ui_OpticalFlowFarnebackConfigDialog.h">
      <Filter>Generated Files</Filter>
    </ClInclude>
    <ClInclude Include="src\ip\StandardImageProcessor.h">
      <Filter>Header Files\ip</Filter>
    </ClInclude>
    <ClInclude Include="GeneratedFiles\ui_dilationstepwidget.h">
      <Filter>Generated Files</Filter>
    </ClInclude>
    <ClInclude Include="GeneratedFiles\ui_ErosionStepWidget.h">
      <Filter>Generated Files</Filter>
    </ClInclude>
    <ClInclude Include="GeneratedFiles\ui_BiliteralFilterStepDialog.h">
      <Filter>Generated Files</Filter>
    </ClInclude>
    <ClInclude Include="GeneratedFiles\ui_BlackHatStepDialog.h">
      <Filter>Generated Files</Filter>
    </ClInclude>
    <ClInclude Include="GeneratedFiles\ui_BackgroundSubtractionStepDialog.h">
      <Filter>Generated Files</Filter>
    </ClInclude>
    <ClInclude Include="src\opticalflow\OpticalFlowSF.h">
      <Filter>Header Files\opticalflow</Filter>
    </ClInclude>
    <ClInclude Include="src\opticalflow\OpticalFlowLukaskanade.h">
      <Filter>Header Files\opticalflow</Filter>
    </ClInclude>
    <ClInclude Include="src\opticalflow\OpticalFlowBlockMatching.h">
      <Filter>Header Files</Filter>
    </ClInclude>
    <ClInclude Include="src\opticalflow\DualTVL1OpticalFlow.h">
      <Filter>Header Files\opticalflow</Filter>
    </ClInclude>
    <ClInclude Include="src\detect\FeatureDetector.h">
      <Filter>Header Files</Filter>
    </ClInclude>
    <ClInclude Include="GeneratedFiles\ui_ThresholdStepDialog.h">
      <Filter>Generated Files</Filter>
    </ClInclude>
    <ClInclude Include="GeneratedFiles\ui_CloseStepDialog.h">
      <Filter>Generated Files</Filter>
    </ClInclude>
    <ClInclude Include="GeneratedFiles\ui_GaussianBlurStepDialog.h">
      <Filter>Generated Files</Filter>
    </ClInclude>
    <ClInclude Include="GeneratedFiles\ui_gradientstepdialog.h">
      <Filter>Generated Files</Filter>
    </ClInclude>
    <ClInclude Include="GeneratedFiles\ui_MedianFilterStepDialog.h">
      <Filter>Generated Files</Filter>
    </ClInclude>
    <ClInclude Include="GeneratedFiles\ui_OpenStepDialog.h">
      <Filter>Generated Files</Filter>
    </ClInclude>
    <ClInclude Include="GeneratedFiles\ui_TopHatDialog.h">
      <Filter>Generated Files</Filter>
    </ClInclude>
  </ItemGroup>
</Project>